// !$*UTF8*$!
{
	archiveVersion = 1;
	classes = {
	};
	objectVersion = 46;
	objects = {

/* Begin PBXBuildFile section */
		2E9C34321C20814E009FBBBB /* main.m in Sources */ = {isa = PBXBuildFile; fileRef = 2E9C34311C20814E009FBBBB /* main.m */; };
		2E9C34351C20814E009FBBBB /* AppDelegate.m in Sources */ = {isa = PBXBuildFile; fileRef = 2E9C34341C20814E009FBBBB /* AppDelegate.m */; };
		2E9C34381C20814E009FBBBB /* CalculatorViewController.m in Sources */ = {isa = PBXBuildFile; fileRef = 2E9C34371C20814E009FBBBB /* CalculatorViewController.m */; };
		2E9C343B1C20814E009FBBBB /* Main.storyboard in Resources */ = {isa = PBXBuildFile; fileRef = 2E9C34391C20814E009FBBBB /* Main.storyboard */; };
		2E9C343D1C20814E009FBBBB /* Assets.xcassets in Resources */ = {isa = PBXBuildFile; fileRef = 2E9C343C1C20814E009FBBBB /* Assets.xcassets */; };
		2E9C34401C20814E009FBBBB /* LaunchScreen.storyboard in Resources */ = {isa = PBXBuildFile; fileRef = 2E9C343E1C20814E009FBBBB /* LaunchScreen.storyboard */; };
/* End PBXBuildFile section */

/* Begin PBXFileReference section */
		2E9C342D1C20814E009FBBBB /* Third Lesson.app */ = {isa = PBXFileReference; explicitFileType = wrapper.application; includeInIndex = 0; path = "Third Lesson.app"; sourceTree = BUILT_PRODUCTS_DIR; };
		2E9C34311C20814E009FBBBB /* main.m */ = {isa = PBXFileReference; lastKnownFileType = sourcecode.c.objc; path = main.m; sourceTree = "<group>"; };
		2E9C34331C20814E009FBBBB /* AppDelegate.h */ = {isa = PBXFileReference; lastKnownFileType = sourcecode.c.h; path = AppDelegate.h; sourceTree = "<group>"; };
		2E9C34341C20814E009FBBBB /* AppDelegate.m */ = {isa = PBXFileReference; lastKnownFileType = sourcecode.c.objc; path = AppDelegate.m; sourceTree = "<group>"; };
		2E9C34361C20814E009FBBBB /* CalculatorViewController.h */ = {isa = PBXFileReference; lastKnownFileType = sourcecode.c.h; path = CalculatorViewController.h; sourceTree = "<group>"; };
		2E9C34371C20814E009FBBBB /* CalculatorViewController.m */ = {isa = PBXFileReference; lastKnownFileType = sourcecode.c.objc; path = CalculatorViewController.m; sourceTree = "<group>"; };
		2E9C343A1C20814E009FBBBB /* Base */ = {isa = PBXFileReference; lastKnownFileType = file.storyboard; name = Base; path = Base.lproj/Main.storyboard; sourceTree = "<group>"; };
		2E9C343C1C20814E009FBBBB /* Assets.xcassets */ = {isa = PBXFileReference; lastKnownFileType = folder.assetcatalog; path = Assets.xcassets; sourceTree = "<group>"; };
		2E9C343F1C20814E009FBBBB /* Base */ = {isa = PBXFileReference; lastKnownFileType = file.storyboard; name = Base; path = Base.lproj/LaunchScreen.storyboard; sourceTree = "<group>"; };
		2E9C34411C20814E009FBBBB /* Info.plist */ = {isa = PBXFileReference; lastKnownFileType = text.plist.xml; path = Info.plist; sourceTree = "<group>"; };
/* End PBXFileReference section */

/* Begin PBXFrameworksBuildPhase section */
		2E9C342A1C20814E009FBBBB /* Frameworks */ = {
			isa = PBXFrameworksBuildPhase;
			buildActionMask = 2147483647;
			files = (
			);
			runOnlyForDeploymentPostprocessing = 0;
		};
/* End PBXFrameworksBuildPhase section */

/* Begin PBXGroup section */
		2E9C34241C20814E009FBBBB = {
			isa = PBXGroup;
			children = (
				2E9C342F1C20814E009FBBBB /* Third Lesson */,
				2E9C342E1C20814E009FBBBB /* Products */,
			);
			sourceTree = "<group>";
		};
		2E9C342E1C20814E009FBBBB /* Products */ = {
			isa = PBXGroup;
			children = (
				2E9C342D1C20814E009FBBBB /* Third Lesson.app */,
			);
			name = Products;
			sourceTree = "<group>";
		};
		2E9C342F1C20814E009FBBBB /* Third Lesson */ = {
			isa = PBXGroup;
			children = (
				2E9C34331C20814E009FBBBB /* AppDelegate.h */,
				2E9C34341C20814E009FBBBB /* AppDelegate.m */,
				2E9C34361C20814E009FBBBB /* CalculatorViewController.h */,
				2E9C34371C20814E009FBBBB /* CalculatorViewController.m */,
				2E9C34391C20814E009FBBBB /* Main.storyboard */,
				2E9C343C1C20814E009FBBBB /* Assets.xcassets */,
				2E9C343E1C20814E009FBBBB /* LaunchScreen.storyboard */,
				2E9C34411C20814E009FBBBB /* Info.plist */,
				2E9C34301C20814E009FBBBB /* Supporting Files */,
			);
			path = "Third Lesson";
			sourceTree = "<group>";
		};
		2E9C34301C20814E009FBBBB /* Supporting Files */ = {
			isa = PBXGroup;
			children = (
				2E9C34311C20814E009FBBBB /* main.m */,
			);
			name = "Supporting Files";
			sourceTree = "<group>";
		};
/* End PBXGroup section */

/* Begin PBXNativeTarget section */
		2E9C342C1C20814E009FBBBB /* Third Lesson */ = {
			isa = PBXNativeTarget;
			buildConfigurationList = 2E9C34441C20814E009FBBBB /* Build configuration list for PBXNativeTarget "Third Lesson" */;
			buildPhases = (
				2E9C34291C20814E009FBBBB /* Sources */,
				2E9C342A1C20814E009FBBBB /* Frameworks */,
				2E9C342B1C20814E009FBBBB /* Resources */,
			);
			buildRules = (
			);
			dependencies = (
			);
			name = "Third Lesson";
			productName = "Third Lesson";
			productReference = 2E9C342D1C20814E009FBBBB /* Third Lesson.app */;
			productType = "com.apple.product-type.application";
		};
/* End PBXNativeTarget section */

/* Begin PBXProject section */
		2E9C34251C20814E009FBBBB /* Project object */ = {
			isa = PBXProject;
			attributes = {
				LastUpgradeCheck = 0720;
				ORGANIZATIONNAME = "Marko Mitranić";
				TargetAttributes = {
					2E9C342C1C20814E009FBBBB = {
						CreatedOnToolsVersion = 7.2;
					};
				};
			};
			buildConfigurationList = 2E9C34281C20814E009FBBBB /* Build configuration list for PBXProject "Third Lesson" */;
			compatibilityVersion = "Xcode 3.2";
			developmentRegion = English;
			hasScannedForEncodings = 0;
			knownRegions = (
				en,
				Base,
			);
			mainGroup = 2E9C34241C20814E009FBBBB;
			productRefGroup = 2E9C342E1C20814E009FBBBB /* Products */;
			projectDirPath = "";
			projectRoot = "";
			targets = (
				2E9C342C1C20814E009FBBBB /* Third Lesson */,
			);
		};
/* End PBXProject section */

/* Begin PBXResourcesBuildPhase section */
		2E9C342B1C20814E009FBBBB /* Resources */ = {
			isa = PBXResourcesBuildPhase;
			buildActionMask = 2147483647;
			files = (
				2E9C34401C20814E009FBBBB /* LaunchScreen.storyboard in Resources */,
				2E9C343D1C20814E009FBBBB /* Assets.xcassets in Resources */,
				2E9C343B1C20814E009FBBBB /* Main.storyboard in Resources */,
			);
			runOnlyForDeploymentPostprocessing = 0;
		};
/* End PBXResourcesBuildPhase section */

/* Begin PBXSourcesBuildPhase section */
		2E9C34291C20814E009FBBBB /* Sources */ = {
			isa = PBXSourcesBuildPhase;
			buildActionMask = 2147483647;
			files = (
				2E9C34381C20814E009FBBBB /* CalculatorViewController.m in Sources */,
				2E9C34351C20814E009FBBBB /* AppDelegate.m in Sources */,
				2E9C34321C20814E009FBBBB /* main.m in Sources */,
			);
			runOnlyForDeploymentPostprocessing = 0;
		};
/* End PBXSourcesBuildPhase section */

/* Begin PBXVariantGroup section */
		2E9C34391C20814E009FBBBB /* Main.storyboard */ = {
			isa = PBXVariantGroup;
			children = (
				2E9C343A1C20814E009FBBBB /* Base */,
			);
			name = Main.storyboard;
			sourceTree = "<group>";
		};
		2E9C343E1C20814E009FBBBB /* LaunchScreen.storyboard */ = {
			isa = PBXVariantGroup;
			children = (
				2E9C343F1C20814E009FBBBB /* Base */,
			);
			name = LaunchScreen.storyboard;
			sourceTree = "<group>";
		};
/* End PBXVariantGroup section */

/* Begin XCBuildConfiguration section */
		2E9C34421C20814E009FBBBB /* Debug */ = {
			isa = XCBuildConfiguration;
			buildSettings = {
				ALWAYS_SEARCH_USER_PATHS = NO;
				CLANG_CXX_LANGUAGE_STANDARD = "gnu++0x";
				CLANG_CXX_LIBRARY = "libc++";
				CLANG_ENABLE_MODULES = YES;
				CLANG_ENABLE_OBJC_ARC = YES;
				CLANG_WARN_BOOL_CONVERSION = YES;
				CLANG_WARN_CONSTANT_CONVERSION = YES;
				CLANG_WARN_DIRECT_OBJC_ISA_USAGE = YES_ERROR;
				CLANG_WARN_EMPTY_BODY = YES;
				CLANG_WARN_ENUM_CONVERSION = YES;
				CLANG_WARN_INT_CONVERSION = YES;
				CLANG_WARN_OBJC_ROOT_CLASS = YES_ERROR;
				CLANG_WARN_UNREACHABLE_CODE = YES;
				CLANG_WARN__DUPLICATE_METHOD_MATCH = YES;
				"CODE_SIGN_IDENTITY[sdk=iphoneos*]" = "iPhone Developer";
				COPY_PHASE_STRIP = NO;
				DEBUG_INFORMATION_FORMAT = dwarf;
				ENABLE_STRICT_OBJC_MSGSEND = YES;
				ENABLE_TESTABILITY = YES;
				GCC_C_LANGUAGE_STANDARD = gnu99;
				GCC_DYNAMIC_NO_PIC = NO;
				GCC_NO_COMMON_BLOCKS = YES;
				GCC_OPTIMIZATION_LEVEL = 0;
				GCC_PREPROCESSOR_DEFINITIONS = (
					"DEBUG=1",
					"$(inherited)",
				);
				GCC_WARN_64_TO_32_BIT_CONVERSION = YES;
				GCC_WARN_ABOUT_RETURN_TYPE = YES_ERROR;
				GCC_WARN_UNDECLARED_SELECTOR = YES;
				GCC_WARN_UNINITIALIZED_AUTOS = YES_AGGRESSIVE;
				GCC_WARN_UNUSED_FUNCTION = YES;
				GCC_WARN_UNUSED_VARIABLE = YES;
				IPHONEOS_DEPLOYMENT_TARGET = 9.2;
				MTL_ENABLE_DEBUG_INFO = YES;
				ONLY_ACTIVE_ARCH = YES;
				SDKROOT = iphoneos;
				TARGETED_DEVICE_FAMILY = "1,2";
			};
			name = Debug;
		};
		2E9C34431C20814E009FBBBB /* Release */ = {
			isa = XCBuildConfiguration;
			buildSettings = {
				ALWAYS_SEARCH_USER_PATHS = NO;
				CLANG_CXX_LANGUAGE_STANDARD = "gnu++0x";
				CLANG_CXX_LIBRARY = "libc++";
				CLANG_ENABLE_MODULES = YES;
				CLANG_ENABLE_OBJC_ARC = YES;
				CLANG_WARN_BOOL_CONVERSION = YES;
				CLANG_WARN_CONSTANT_CONVERSION = YES;
				CLANG_WARN_DIRECT_OBJC_ISA_USAGE = YES_ERROR;
				CLANG_WARN_EMPTY_BODY = YES;
				CLANG_WARN_ENUM_CONVERSION = YES;
				CLANG_WARN_INT_CONVERSION = YES;
				CLANG_WARN_OBJC_ROOT_CLASS = YES_ERROR;
				CLANG_WARN_UNREACHABLE_CODE = YES;
				CLANG_WARN__DUPLICATE_METHOD_MATCH = YES;
				"CODE_SIGN_IDENTITY[sdk=iphoneos*]" = "iPhone Developer";
				COPY_PHASE_STRIP = NO;
				DEBUG_INFORMATION_FORMAT = "dwarf-with-dsym";
				ENABLE_NS_ASSERTIONS = NO;
				ENABLE_STRICT_OBJC_MSGSEND = YES;
				GCC_C_LANGUAGE_STANDARD = gnu99;
				GCC_NO_COMMON_BLOCKS = YES;
				GCC_WARN_64_TO_32_BIT_CONVERSION = YES;
				GCC_WARN_ABOUT_RETURN_TYPE = YES_ERROR;
				GCC_WARN_UNDECLARED_SELECTOR = YES;
				GCC_WARN_UNINITIALIZED_AUTOS = YES_AGGRESSIVE;
				GCC_WARN_UNUSED_FUNCTION = YES;
				GCC_WARN_UNUSED_VARIABLE = YES;
				IPHONEOS_DEPLOYMENT_TARGET = 9.2;
				MTL_ENABLE_DEBUG_INFO = NO;
				SDKROOT = iphoneos;
				TARGETED_DEVICE_FAMILY = "1,2";
				VALIDATE_PRODUCT = YES;
			};
			name = Release;
		};
		2E9C34451C20814E009FBBBB /* Debug */ = {
			isa = XCBuildConfiguration;
			buildSettings = {
				ASSETCATALOG_COMPILER_APPICON_NAME = AppIcon;
				INFOPLIST_FILE = "Third Lesson/Info.plist";
				LD_RUNPATH_SEARCH_PATHS = "$(inherited) @executable_path/Frameworks";
				PRODUCT_BUNDLE_IDENTIFIER = "edu.self.Third-Lesson";
				PRODUCT_NAME = "$(TARGET_NAME)";
			};
			name = Debug;
		};
		2E9C34461C20814E009FBBBB /* Release */ = {
			isa = XCBuildConfiguration;
			buildSettings = {
				ASSETCATALOG_COMPILER_APPICON_NAME = AppIcon;
				INFOPLIST_FILE = "Third Lesson/Info.plist";
				LD_RUNPATH_SEARCH_PATHS = "$(inherited) @executable_path/Frameworks";
				PRODUCT_BUNDLE_IDENTIFIER = "edu.self.Third-Lesson";
				PRODUCT_NAME = "$(TARGET_NAME)";
			};
			name = Release;
		};
/* End XCBuildConfiguration section */

/* Begin XCConfigurationList section */
		2E9C34281C20814E009FBBBB /* Build configuration list for PBXProject "Third Lesson" */ = {
			isa = XCConfigurationList;
			buildConfigurations = (
				2E9C34421C20814E009FBBBB /* Debug */,
				2E9C34431C20814E009FBBBB /* Release */,
			);
			defaultConfigurationIsVisible = 0;
			defaultConfigurationName = Release;
		};
		2E9C34441C20814E009FBBBB /* Build configuration list for PBXNativeTarget "Third Lesson" */ = {
			isa = XCConfigurationList;
			buildConfigurations = (
				2E9C34451C20814E009FBBBB /* Debug */,
				2E9C34461C20814E009FBBBB /* Release */,
			);
			defaultConfigurationIsVisible = 0;
		};
/* End XCConfigurationList section */
	};
	rootObject = 2E9C34251C20814E009FBBBB /* Project object */;
}
